
Microsoft Visual Studio Solution File, Format Version 12.00
# Visual Studio 2012
Project("{8BC9CEB8-8B4A-11D0-8D11-00A0C91BC942}") = "Polygon", "Polygon\Polygon.vcxproj", "{63694DC4-1AB8-4543-8D13-40931D00FDE5}"
EndProject
Global
	GlobalSection(SolutionConfigurationPlatforms) = preSolution
		Debug|Win32 = Debug|Win32
		Release|Win32 = Release|Win32
	EndGlobalSection
	GlobalSection(ProjectConfigurationPlatforms) = postSolution
		{63694DC4-1AB8-4543-8D13-40931D00FDE5}.Debug|Win32.ActiveCfg = Debug|Win32
		{63694DC4-1AB8-4543-8D13-40931D00FDE5}.Debug|Win32.Build.0 = Debug|Win32
		{63694DC4-1AB8-4543-8D13-40931D00FDE5}.Release|Win32.ActiveCfg = Release|Win32
		{63694DC4-1AB8-4543-8D13-40931D00FDE5}.Release|Win32.Build.0 = Release|Win32
	EndGlobalSection
	GlobalSection(SolutionProperties) = preSolution
		HideSolutionNode = FALSE
	EndGlobalSection
EndGlobal
